
Microsoft Visual Studio Solution File, Format Version 12.00
# Visual Studio Version 17
VisualStudioVersion = 17.5.002.0
MinimumVisualStudioVersion = 10.0.40219.1
Project("{9A19103F-16F7-4668-BE54-9A1E7A4F7556}") = "Rock288.API", "Rock288.API.csproj", "{3ECEBEE1-188A-4326-8EDB-1BCE75FF5014}"
EndProject
Global
	GlobalSection(SolutionConfigurationPlatforms) = preSolution
		Debug|Any CPU = Debug|Any CPU
		Release|Any CPU = Release|Any CPU
	EndGlobalSection
	GlobalSection(ProjectConfigurationPlatforms) = postSolution
		{3ECEBEE1-188A-4326-8EDB-1BCE75FF5014}.Debug|Any CPU.ActiveCfg = Debug|Any CPU
		{3ECEBEE1-188A-4326-8EDB-1BCE75FF5014}.Debug|Any CPU.Build.0 = Debug|Any CPU
		{3ECEBEE1-188A-4326-8EDB-1BCE75FF5014}.Release|Any CPU.ActiveCfg = Release|Any CPU
		{3ECEBEE1-188A-4326-8EDB-1BCE75FF5014}.Release|Any CPU.Build.0 = Release|Any CPU
	EndGlobalSection
	GlobalSection(SolutionProperties) = preSolution
		HideSolutionNode = FALSE
	EndGlobalSection
	GlobalSection(ExtensibilityGlobals) = postSolution
		SolutionGuid = {87E8B56B-E6FD-4A81-B127-88C840848C0D}
	EndGlobalSection
EndGlobal
